
Microsoft Visual Studio Solution File, Format Version 12.00
# Visual Studio Version 17
VisualStudioVersion = 17.7.34202.233
MinimumVisualStudioVersion = 10.0.40219.1
Project("{FAE04EC0-301F-11D3-BF4B-00C04F79EFBC}") = "DoAnCoSo", "DoAnCoSo\DoAnCoSo.csproj", "{0F6E438F-99EB-4812-A210-A4685BA76A34}"
EndProject
Global
	GlobalSection(SolutionConfigurationPlatforms) = preSolution
		Debug|Any CPU = Debug|Any CPU
		Release|Any CPU = Release|Any CPU
	EndGlobalSection
	GlobalSection(ProjectConfigurationPlatforms) = postSolution
		{0F6E438F-99EB-4812-A210-A4685BA76A34}.Debug|Any CPU.ActiveCfg = Debug|Any CPU
		{0F6E438F-99EB-4812-A210-A4685BA76A34}.Debug|Any CPU.Build.0 = Debug|Any CPU
		{0F6E438F-99EB-4812-A210-A4685BA76A34}.Release|Any CPU.ActiveCfg = Release|Any CPU
		{0F6E438F-99EB-4812-A210-A4685BA76A34}.Release|Any CPU.Build.0 = Release|Any CPU
	EndGlobalSection
	GlobalSection(SolutionProperties) = preSolution
		HideSolutionNode = FALSE
	EndGlobalSection
	GlobalSection(ExtensibilityGlobals) = postSolution
		SolutionGuid = {F5EDAA30-0C0A-4F2A-A054-A5F55FE8570A}
	EndGlobalSection
EndGlobal
